
Microsoft Visual Studio Solution File, Format Version 12.00
# Visual Studio Version 17
VisualStudioVersion = 17.12.35527.113 d17.12
MinimumVisualStudioVersion = 10.0.40219.1
Project("{FAE04EC0-301F-11D3-BF4B-00C04F79EFBC}") = "Server.DAL", "Server.DAL\Server.DAL.csproj", "{D24F4553-1084-4DD4-A4D6-370166963DF9}"
EndProject
Project("{2150E333-8FDC-42A3-9474-1A3956D46DE8}") = "Server", "Server", "{FA05C089-C564-489F-AF51-8955A306196E}"
EndProject
Project("{2150E333-8FDC-42A3-9474-1A3956D46DE8}") = "Client", "Client", "{86D2BC5D-5619-42B8-9C0B-BAC31880BA05}"
EndProject
Project("{FAE04EC0-301F-11D3-BF4B-00C04F79EFBC}") = "Server.BL", "Server.BL\Server.BL.csproj", "{2A7207EF-7822-422D-8FFD-F391152A6FFE}"
EndProject
Project("{FAE04EC0-301F-11D3-BF4B-00C04F79EFBC}") = "Server.API", "Server.API\Server.API.csproj", "{D8446F84-ADDE-4FFA-9860-A3AED2DA2E89}"
EndProject
Project("{FAE04EC0-301F-11D3-BF4B-00C04F79EFBC}") = "Client.GUI", "Client.GUI\Client.GUI.csproj", "{33FDA21E-83B4-4DD9-A7E9-B439B33A4745}"
EndProject
Project("{FAE04EC0-301F-11D3-BF4B-00C04F79EFBC}") = "Client.HTTP", "Client.HTTP\Client.HTTP.csproj", "{63DC2DAC-05F3-4AD5-AB26-64DE14E03511}"
EndProject
Project("{FAE04EC0-301F-11D3-BF4B-00C04F79EFBC}") = "Models", "Models\Models.csproj", "{869F41E6-580F-4205-976F-AE27CD94447E}"
EndProject
Global
	GlobalSection(SolutionConfigurationPlatforms) = preSolution
		Debug|Any CPU = Debug|Any CPU
		Release|Any CPU = Release|Any CPU
	EndGlobalSection
	GlobalSection(ProjectConfigurationPlatforms) = postSolution
		{D24F4553-1084-4DD4-A4D6-370166963DF9}.Debug|Any CPU.ActiveCfg = Debug|Any CPU
		{D24F4553-1084-4DD4-A4D6-370166963DF9}.Debug|Any CPU.Build.0 = Debug|Any CPU
		{D24F4553-1084-4DD4-A4D6-370166963DF9}.Release|Any CPU.ActiveCfg = Release|Any CPU
		{D24F4553-1084-4DD4-A4D6-370166963DF9}.Release|Any CPU.Build.0 = Release|Any CPU
		{2A7207EF-7822-422D-8FFD-F391152A6FFE}.Debug|Any CPU.ActiveCfg = Debug|Any CPU
		{2A7207EF-7822-422D-8FFD-F391152A6FFE}.Debug|Any CPU.Build.0 = Debug|Any CPU
		{2A7207EF-7822-422D-8FFD-F391152A6FFE}.Release|Any CPU.ActiveCfg = Release|Any CPU
		{2A7207EF-7822-422D-8FFD-F391152A6FFE}.Release|Any CPU.Build.0 = Release|Any CPU
		{D8446F84-ADDE-4FFA-9860-A3AED2DA2E89}.Debug|Any CPU.ActiveCfg = Debug|Any CPU
		{D8446F84-ADDE-4FFA-9860-A3AED2DA2E89}.Debug|Any CPU.Build.0 = Debug|Any CPU
		{D8446F84-ADDE-4FFA-9860-A3AED2DA2E89}.Release|Any CPU.ActiveCfg = Release|Any CPU
		{D8446F84-ADDE-4FFA-9860-A3AED2DA2E89}.Release|Any CPU.Build.0 = Release|Any CPU
		{33FDA21E-83B4-4DD9-A7E9-B439B33A4745}.Debug|Any CPU.ActiveCfg = Debug|Any CPU
		{33FDA21E-83B4-4DD9-A7E9-B439B33A4745}.Debug|Any CPU.Build.0 = Debug|Any CPU
		{33FDA21E-83B4-4DD9-A7E9-B439B33A4745}.Release|Any CPU.ActiveCfg = Release|Any CPU
		{33FDA21E-83B4-4DD9-A7E9-B439B33A4745}.Release|Any CPU.Build.0 = Release|Any CPU
		{63DC2DAC-05F3-4AD5-AB26-64DE14E03511}.Debug|Any CPU.ActiveCfg = Debug|Any CPU
		{63DC2DAC-05F3-4AD5-AB26-64DE14E03511}.Debug|Any CPU.Build.0 = Debug|Any CPU
		{63DC2DAC-05F3-4AD5-AB26-64DE14E03511}.Release|Any CPU.ActiveCfg = Release|Any CPU
		{63DC2DAC-05F3-4AD5-AB26-64DE14E03511}.Release|Any CPU.Build.0 = Release|Any CPU
		{869F41E6-580F-4205-976F-AE27CD94447E}.Debug|Any CPU.ActiveCfg = Debug|Any CPU
		{869F41E6-580F-4205-976F-AE27CD94447E}.Debug|Any CPU.Build.0 = Debug|Any CPU
		{869F41E6-580F-4205-976F-AE27CD94447E}.Release|Any CPU.ActiveCfg = Release|Any CPU
		{869F41E6-580F-4205-976F-AE27CD94447E}.Release|Any CPU.Build.0 = Release|Any CPU
	EndGlobalSection
	GlobalSection(SolutionProperties) = preSolution
		HideSolutionNode = FALSE
	EndGlobalSection
	GlobalSection(NestedProjects) = preSolution
		{D24F4553-1084-4DD4-A4D6-370166963DF9} = {FA05C089-C564-489F-AF51-8955A306196E}
		{2A7207EF-7822-422D-8FFD-F391152A6FFE} = {FA05C089-C564-489F-AF51-8955A306196E}
		{D8446F84-ADDE-4FFA-9860-A3AED2DA2E89} = {FA05C089-C564-489F-AF51-8955A306196E}
		{33FDA21E-83B4-4DD9-A7E9-B439B33A4745} = {86D2BC5D-5619-42B8-9C0B-BAC31880BA05}
		{63DC2DAC-05F3-4AD5-AB26-64DE14E03511} = {86D2BC5D-5619-42B8-9C0B-BAC31880BA05}
	EndGlobalSection
EndGlobal
